// !$*UTF8*$!
{
	archiveVersion = 1;
	classes = {
	};
	objectVersion = 50;
	objects = {

/* Begin PBXBuildFile section */
		6F54FE262077ED28009D00BF /* AppDelegate.swift in Sources */ = {isa = PBXBuildFile; fileRef = 6F54FE252077ED28009D00BF /* AppDelegate.swift */; };
		6F54FE282077ED28009D00BF /* ViewController.swift in Sources */ = {isa = PBXBuildFile; fileRef = 6F54FE272077ED28009D00BF /* ViewController.swift */; };
		6F54FE2B2077ED28009D00BF /* Main.storyboard in Resources */ = {isa = PBXBuildFile; fileRef = 6F54FE292077ED28009D00BF /* Main.storyboard */; };
		6F54FE2D2077ED2A009D00BF /* Assets.xcassets in Resources */ = {isa = PBXBuildFile; fileRef = 6F54FE2C2077ED2A009D00BF /* Assets.xcassets */; };
		6F54FE302077ED2A009D00BF /* LaunchScreen.storyboard in Resources */ = {isa = PBXBuildFile; fileRef = 6F54FE2E2077ED2A009D00BF /* LaunchScreen.storyboard */; };
		6F54FE3B2077ED2A009D00BF /* challengeApp1Tests.swift in Sources */ = {isa = PBXBuildFile; fileRef = 6F54FE3A2077ED2A009D00BF /* challengeApp1Tests.swift */; };
		6F54FE462077ED2A009D00BF /* challengeApp1UITests.swift in Sources */ = {isa = PBXBuildFile; fileRef = 6F54FE452077ED2A009D00BF /* challengeApp1UITests.swift */; };
/* End PBXBuildFile section */

/* Begin PBXContainerItemProxy section */
		6F54FE372077ED2A009D00BF /* PBXContainerItemProxy */ = {
			isa = PBXContainerItemProxy;
			containerPortal = 6F54FE1A2077ED28009D00BF /* Project object */;
			proxyType = 1;
			remoteGlobalIDString = 6F54FE212077ED28009D00BF;
			remoteInfo = challengeApp1;
		};
		6F54FE422077ED2A009D00BF /* PBXContainerItemProxy */ = {
			isa = PBXContainerItemProxy;
			containerPortal = 6F54FE1A2077ED28009D00BF /* Project object */;
			proxyType = 1;
			remoteGlobalIDString = 6F54FE212077ED28009D00BF;
			remoteInfo = challengeApp1;
		};
/* End PBXContainerItemProxy section */

/* Begin PBXFileReference section */
		6F54FE222077ED28009D00BF /* challengeApp1.app */ = {isa = PBXFileReference; explicitFileType = wrapper.application; includeInIndex = 0; path = challengeApp1.app; sourceTree = BUILT_PRODUCTS_DIR; };
		6F54FE252077ED28009D00BF /* AppDelegate.swift */ = {isa = PBXFileReference; lastKnownFileType = sourcecode.swift; path = AppDelegate.swift; sourceTree = "<group>"; };
		6F54FE272077ED28009D00BF /* ViewController.swift */ = {isa = PBXFileReference; lastKnownFileType = sourcecode.swift; path = ViewController.swift; sourceTree = "<group>"; };
		6F54FE2A2077ED28009D00BF /* Base */ = {isa = PBXFileReference; lastKnownFileType = file.storyboard; name = Base; path = Base.lproj/Main.storyboard; sourceTree = "<group>"; };
		6F54FE2C2077ED2A009D00BF /* Assets.xcassets */ = {isa = PBXFileReference; lastKnownFileType = folder.assetcatalog; path = Assets.xcassets; sourceTree = "<group>"; };
		6F54FE2F2077ED2A009D00BF /* Base */ = {isa = PBXFileReference; lastKnownFileType = file.storyboard; name = Base; path = Base.lproj/LaunchScreen.storyboard; sourceTree = "<group>"; };
		6F54FE312077ED2A009D00BF /* Info.plist */ = {isa = PBXFileReference; lastKnownFileType = text.plist.xml; path = Info.plist; sourceTree = "<group>"; };
		6F54FE362077ED2A009D00BF /* challengeApp1Tests.xctest */ = {isa = PBXFileReference; explicitFileType = wrapper.cfbundle; includeInIndex = 0; path = challengeApp1Tests.xctest; sourceTree = BUILT_PRODUCTS_DIR; };
		6F54FE3A2077ED2A009D00BF /* challengeApp1Tests.swift */ = {isa = PBXFileReference; lastKnownFileType = sourcecode.swift; path = challengeApp1Tests.swift; sourceTree = "<group>"; };
		6F54FE3C2077ED2A009D00BF /* Info.plist */ = {isa = PBXFileReference; lastKnownFileType = text.plist.xml; path = Info.plist; sourceTree = "<group>"; };
		6F54FE412077ED2A009D00BF /* challengeApp1UITests.xctest */ = {isa = PBXFileReference; explicitFileType = wrapper.cfbundle; includeInIndex = 0; path = challengeApp1UITests.xctest; sourceTree = BUILT_PRODUCTS_DIR; };
		6F54FE452077ED2A009D00BF /* challengeApp1UITests.swift */ = {isa = PBXFileReference; lastKnownFileType = sourcecode.swift; path = challengeApp1UITests.swift; sourceTree = "<group>"; };
		6F54FE472077ED2A009D00BF /* Info.plist */ = {isa = PBXFileReference; lastKnownFileType = text.plist.xml; path = Info.plist; sourceTree = "<group>"; };
/* End PBXFileReference section */

/* Begin PBXFrameworksBuildPhase section */
		6F54FE1F2077ED28009D00BF /* Frameworks */ = {
			isa = PBXFrameworksBuildPhase;
			buildActionMask = 2147483647;
			files = (
			);
			runOnlyForDeploymentPostprocessing = 0;
		};
		6F54FE332077ED2A009D00BF /* Frameworks */ = {
			isa = PBXFrameworksBuildPhase;
			buildActionMask = 2147483647;
			files = (
			);
			runOnlyForDeploymentPostprocessing = 0;
		};
		6F54FE3E2077ED2A009D00BF /* Frameworks */ = {
			isa = PBXFrameworksBuildPhase;
			buildActionMask = 2147483647;
			files = (
			);
			runOnlyForDeploymentPostprocessing = 0;
		};
/* End PBXFrameworksBuildPhase section */

/* Begin PBXGroup section */
		6F54FE192077ED28009D00BF = {
			isa = PBXGroup;
			children = (
				6F54FE242077ED28009D00BF /* challengeApp1 */,
				6F54FE392077ED2A009D00BF /* challengeApp1Tests */,
				6F54FE442077ED2A009D00BF /* challengeApp1UITests */,
				6F54FE232077ED28009D00BF /* Products */,
			);
			sourceTree = "<group>";
		};
		6F54FE232077ED28009D00BF /* Products */ = {
			isa = PBXGroup;
			children = (
				6F54FE222077ED28009D00BF /* challengeApp1.app */,
				6F54FE362077ED2A009D00BF /* challengeApp1Tests.xctest */,
				6F54FE412077ED2A009D00BF /* challengeApp1UITests.xctest */,
			);
			name = Products;
			sourceTree = "<group>";
		};
		6F54FE242077ED28009D00BF /* challengeApp1 */ = {
			isa = PBXGroup;
			children = (
				6F54FE252077ED28009D00BF /* AppDelegate.swift */,
				6F54FE272077ED28009D00BF /* ViewController.swift */,
				6F54FE292077ED28009D00BF /* Main.storyboard */,
				6F54FE2C2077ED2A009D00BF /* Assets.xcassets */,
				6F54FE2E2077ED2A009D00BF /* LaunchScreen.storyboard */,
				6F54FE312077ED2A009D00BF /* Info.plist */,
			);
			path = challengeApp1;
			sourceTree = "<group>";
		};
		6F54FE392077ED2A009D00BF /* challengeApp1Tests */ = {
			isa = PBXGroup;
			children = (
				6F54FE3A2077ED2A009D00BF /* challengeApp1Tests.swift */,
				6F54FE3C2077ED2A009D00BF /* Info.plist */,
			);
			path = challengeApp1Tests;
			sourceTree = "<group>";
		};
		6F54FE442077ED2A009D00BF /* challengeApp1UITests */ = {
			isa = PBXGroup;
			children = (
				6F54FE452077ED2A009D00BF /* challengeApp1UITests.swift */,
				6F54FE472077ED2A009D00BF /* Info.plist */,
			);
			path = challengeApp1UITests;
			sourceTree = "<group>";
		};
/* End PBXGroup section */

/* Begin PBXNativeTarget section */
		6F54FE212077ED28009D00BF /* challengeApp1 */ = {
			isa = PBXNativeTarget;
			buildConfigurationList = 6F54FE4A2077ED2A009D00BF /* Build configuration list for PBXNativeTarget "challengeApp1" */;
			buildPhases = (
				6F54FE1E2077ED28009D00BF /* Sources */,
				6F54FE1F2077ED28009D00BF /* Frameworks */,
				6F54FE202077ED28009D00BF /* Resources */,
			);
			buildRules = (
			);
			dependencies = (
			);
			name = challengeApp1;
			productName = challengeApp1;
			productReference = 6F54FE222077ED28009D00BF /* challengeApp1.app */;
			productType = "com.apple.product-type.application";
		};
		6F54FE352077ED2A009D00BF /* challengeApp1Tests */ = {
			isa = PBXNativeTarget;
			buildConfigurationList = 6F54FE4D2077ED2A009D00BF /* Build configuration list for PBXNativeTarget "challengeApp1Tests" */;
			buildPhases = (
				6F54FE322077ED2A009D00BF /* Sources */,
				6F54FE332077ED2A009D00BF /* Frameworks */,
				6F54FE342077ED2A009D00BF /* Resources */,
			);
			buildRules = (
			);
			dependencies = (
				6F54FE382077ED2A009D00BF /* PBXTargetDependency */,
			);
			name = challengeApp1Tests;
			productName = challengeApp1Tests;
			productReference = 6F54FE362077ED2A009D00BF /* challengeApp1Tests.xctest */;
			productType = "com.apple.product-type.bundle.unit-test";
		};
		6F54FE402077ED2A009D00BF /* challengeApp1UITests */ = {
			isa = PBXNativeTarget;
			buildConfigurationList = 6F54FE502077ED2A009D00BF /* Build configuration list for PBXNativeTarget "challengeApp1UITests" */;
			buildPhases = (
				6F54FE3D2077ED2A009D00BF /* Sources */,
				6F54FE3E2077ED2A009D00BF /* Frameworks */,
				6F54FE3F2077ED2A009D00BF /* Resources */,
			);
			buildRules = (
			);
			dependencies = (
				6F54FE432077ED2A009D00BF /* PBXTargetDependency */,
			);
			name = challengeApp1UITests;
			productName = challengeApp1UITests;
			productReference = 6F54FE412077ED2A009D00BF /* challengeApp1UITests.xctest */;
			productType = "com.apple.product-type.bundle.ui-testing";
		};
/* End PBXNativeTarget section */

/* Begin PBXProject section */
		6F54FE1A2077ED28009D00BF /* Project object */ = {
			isa = PBXProject;
			attributes = {
				LastSwiftUpdateCheck = 0930;
				LastUpgradeCheck = 0930;
				ORGANIZATIONNAME = "Kunlaya Kobunnoi";
				TargetAttributes = {
					6F54FE212077ED28009D00BF = {
						CreatedOnToolsVersion = 9.3;
					};
					6F54FE352077ED2A009D00BF = {
						CreatedOnToolsVersion = 9.3;
						TestTargetID = 6F54FE212077ED28009D00BF;
					};
					6F54FE402077ED2A009D00BF = {
						CreatedOnToolsVersion = 9.3;
						TestTargetID = 6F54FE212077ED28009D00BF;
					};
				};
			};
			buildConfigurationList = 6F54FE1D2077ED28009D00BF /* Build configuration list for PBXProject "challengeApp1" */;
			compatibilityVersion = "Xcode 9.3";
			developmentRegion = en;
			hasScannedForEncodings = 0;
			knownRegions = (
				en,
				Base,
			);
			mainGroup = 6F54FE192077ED28009D00BF;
			productRefGroup = 6F54FE232077ED28009D00BF /* Products */;
			projectDirPath = "";
			projectRoot = "";
			targets = (
				6F54FE212077ED28009D00BF /* challengeApp1 */,
				6F54FE352077ED2A009D00BF /* challengeApp1Tests */,
				6F54FE402077ED2A009D00BF /* challengeApp1UITests */,
			);
		};
/* End PBXProject section */

/* Begin PBXResourcesBuildPhase section */
		6F54FE202077ED28009D00BF /* Resources */ = {
			isa = PBXResourcesBuildPhase;
			buildActionMask = 2147483647;
			files = (
				6F54FE302077ED2A009D00BF /* LaunchScreen.storyboard in Resources */,
				6F54FE2D2077ED2A009D00BF /* Assets.xcassets in Resources */,
				6F54FE2B2077ED28009D00BF /* Main.storyboard in Resources */,
			);
			runOnlyForDeploymentPostprocessing = 0;
		};
		6F54FE342077ED2A009D00BF /* Resources */ = {
			isa = PBXResourcesBuildPhase;
			buildActionMask = 2147483647;
			files = (
			);
			runOnlyForDeploymentPostprocessing = 0;
		};
		6F54FE3F2077ED2A009D00BF /* Resources */ = {
			isa = PBXResourcesBuildPhase;
			buildActionMask = 2147483647;
			files = (
			);
			runOnlyForDeploymentPostprocessing = 0;
		};
/* End PBXResourcesBuildPhase section */

/* Begin PBXSourcesBuildPhase section */
		6F54FE1E2077ED28009D00BF /* Sources */ = {
			isa = PBXSourcesBuildPhase;
			buildActionMask = 2147483647;
			files = (
				6F54FE282077ED28009D00BF /* ViewController.swift in Sources */,
				6F54FE262077ED28009D00BF /* AppDelegate.swift in Sources */,
			);
			runOnlyForDeploymentPostprocessing = 0;
		};
		6F54FE322077ED2A009D00BF /* Sources */ = {
			isa = PBXSourcesBuildPhase;
			buildActionMask = 2147483647;
			files = (
				6F54FE3B2077ED2A009D00BF /* challengeApp1Tests.swift in Sources */,
			);
			runOnlyForDeploymentPostprocessing = 0;
		};
		6F54FE3D2077ED2A009D00BF /* Sources */ = {
			isa = PBXSourcesBuildPhase;
			buildActionMask = 2147483647;
			files = (
				6F54FE462077ED2A009D00BF /* challengeApp1UITests.swift in Sources */,
			);
			runOnlyForDeploymentPostprocessing = 0;
		};
/* End PBXSourcesBuildPhase section */

/* Begin PBXTargetDependency section */
		6F54FE382077ED2A009D00BF /* PBXTargetDependency */ = {
			isa = PBXTargetDependency;
			target = 6F54FE212077ED28009D00BF /* challengeApp1 */;
			targetProxy = 6F54FE372077ED2A009D00BF /* PBXContainerItemProxy */;
		};
		6F54FE432077ED2A009D00BF /* PBXTargetDependency */ = {
			isa = PBXTargetDependency;
			target = 6F54FE212077ED28009D00BF /* challengeApp1 */;
			targetProxy = 6F54FE422077ED2A009D00BF /* PBXContainerItemProxy */;
		};
/* End PBXTargetDependency section */

/* Begin PBXVariantGroup section */
		6F54FE292077ED28009D00BF /* Main.storyboard */ = {
			isa = PBXVariantGroup;
			children = (
				6F54FE2A2077ED28009D00BF /* Base */,
			);
			name = Main.storyboard;
			sourceTree = "<group>";
		};
		6F54FE2E2077ED2A009D00BF /* LaunchScreen.storyboard */ = {
			isa = PBXVariantGroup;
			children = (
				6F54FE2F2077ED2A009D00BF /* Base */,
			);
			name = LaunchScreen.storyboard;
			sourceTree = "<group>";
		};
/* End PBXVariantGroup section */

/* Begin XCBuildConfiguration section */
		6F54FE482077ED2A009D00BF /* Debug */ = {
			isa = XCBuildConfiguration;
			buildSettings = {
				ALWAYS_SEARCH_USER_PATHS = NO;
				CLANG_ANALYZER_NONNULL = YES;
				CLANG_ANALYZER_NUMBER_OBJECT_CONVERSION = YES_AGGRESSIVE;
				CLANG_CXX_LANGUAGE_STANDARD = "gnu++14";
				CLANG_CXX_LIBRARY = "libc++";
				CLANG_ENABLE_MODULES = YES;
				CLANG_ENABLE_OBJC_ARC = YES;
				CLANG_ENABLE_OBJC_WEAK = YES;
				CLANG_WARN_BLOCK_CAPTURE_AUTORELEASING = YES;
				CLANG_WARN_BOOL_CONVERSION = YES;
				CLANG_WARN_COMMA = YES;
				CLANG_WARN_CONSTANT_CONVERSION = YES;
				CLANG_WARN_DEPRECATED_OBJC_IMPLEMENTATIONS = YES;
				CLANG_WARN_DIRECT_OBJC_ISA_USAGE = YES_ERROR;
				CLANG_WARN_DOCUMENTATION_COMMENTS = YES;
				CLANG_WARN_EMPTY_BODY = YES;
				CLANG_WARN_ENUM_CONVERSION = YES;
				CLANG_WARN_INFINITE_RECURSION = YES;
				CLANG_WARN_INT_CONVERSION = YES;
				CLANG_WARN_NON_LITERAL_NULL_CONVERSION = YES;
				CLANG_WARN_OBJC_IMPLICIT_RETAIN_SELF = YES;
				CLANG_WARN_OBJC_LITERAL_CONVERSION = YES;
				CLANG_WARN_OBJC_ROOT_CLASS = YES_ERROR;
				CLANG_WARN_RANGE_LOOP_ANALYSIS = YES;
				CLANG_WARN_STRICT_PROTOTYPES = YES;
				CLANG_WARN_SUSPICIOUS_MOVE = YES;
				CLANG_WARN_UNGUARDED_AVAILABILITY = YES_AGGRESSIVE;
				CLANG_WARN_UNREACHABLE_CODE = YES;
				CLANG_WARN__DUPLICATE_METHOD_MATCH = YES;
				CODE_SIGN_IDENTITY = "iPhone Developer";
				COPY_PHASE_STRIP = NO;
				DEBUG_INFORMATION_FORMAT = dwarf;
				ENABLE_STRICT_OBJC_MSGSEND = YES;
				ENABLE_TESTABILITY = YES;
				GCC_C_LANGUAGE_STANDARD = gnu11;
				GCC_DYNAMIC_NO_PIC = NO;
				GCC_NO_COMMON_BLOCKS = YES;
				GCC_OPTIMIZATION_LEVEL = 0;
				GCC_PREPROCESSOR_DEFINITIONS = (
					"DEBUG=1",
					"$(inherited)",
				);
				GCC_WARN_64_TO_32_BIT_CONVERSION = YES;
				GCC_WARN_ABOUT_RETURN_TYPE = YES_ERROR;
				GCC_WARN_UNDECLARED_SELECTOR = YES;
				GCC_WARN_UNINITIALIZED_AUTOS = YES_AGGRESSIVE;
				GCC_WARN_UNUSED_FUNCTION = YES;
				GCC_WARN_UNUSED_VARIABLE = YES;
				IPHONEOS_DEPLOYMENT_TARGET = 11.3;
				MTL_ENABLE_DEBUG_INFO = YES;
				ONLY_ACTIVE_ARCH = YES;
				SDKROOT = iphoneos;
				SWIFT_ACTIVE_COMPILATION_CONDITIONS = DEBUG;
				SWIFT_OPTIMIZATION_LEVEL = "-Onone";
			};
			name = Debug;
		};
		6F54FE492077ED2A009D00BF /* Release */ = {
			isa = XCBuildConfiguration;
			buildSettings = {
				ALWAYS_SEARCH_USER_PATHS = NO;
				CLANG_ANALYZER_NONNULL = YES;
				CLANG_ANALYZER_NUMBER_OBJECT_CONVERSION = YES_AGGRESSIVE;
				CLANG_CXX_LANGUAGE_STANDARD = "gnu++14";
				CLANG_CXX_LIBRARY = "libc++";
				CLANG_ENABLE_MODULES = YES;
				CLANG_ENABLE_OBJC_ARC = YES;
				CLANG_ENABLE_OBJC_WEAK = YES;
				CLANG_WARN_BLOCK_CAPTURE_AUTORELEASING = YES;
				CLANG_WARN_BOOL_CONVERSION = YES;
				CLANG_WARN_COMMA = YES;
				CLANG_WARN_CONSTANT_CONVERSION = YES;
				CLANG_WARN_DEPRECATED_OBJC_IMPLEMENTATIONS = YES;
				CLANG_WARN_DIRECT_OBJC_ISA_USAGE = YES_ERROR;
				CLANG_WARN_DOCUMENTATION_COMMENTS = YES;
				CLANG_WARN_EMPTY_BODY = YES;
				CLANG_WARN_ENUM_CONVERSION = YES;
				CLANG_WARN_INFINITE_RECURSION = YES;
				CLANG_WARN_INT_CONVERSION = YES;
				CLANG_WARN_NON_LITERAL_NULL_CONVERSION = YES;
				CLANG_WARN_OBJC_IMPLICIT_RETAIN_SELF = YES;
				CLANG_WARN_OBJC_LITERAL_CONVERSION = YES;
				CLANG_WARN_OBJC_ROOT_CLASS = YES_ERROR;
				CLANG_WARN_RANGE_LOOP_ANALYSIS = YES;
				CLANG_WARN_STRICT_PROTOTYPES = YES;
				CLANG_WARN_SUSPICIOUS_MOVE = YES;
				CLANG_WARN_UNGUARDED_AVAILABILITY = YES_AGGRESSIVE;
				CLANG_WARN_UNREACHABLE_CODE = YES;
				CLANG_WARN__DUPLICATE_METHOD_MATCH = YES;
				CODE_SIGN_IDENTITY = "iPhone Developer";
				COPY_PHASE_STRIP = NO;
				DEBUG_INFORMATION_FORMAT = "dwarf-with-dsym";
				ENABLE_NS_ASSERTIONS = NO;
				ENABLE_STRICT_OBJC_MSGSEND = YES;
				GCC_C_LANGUAGE_STANDARD = gnu11;
				GCC_NO_COMMON_BLOCKS = YES;
				GCC_WARN_64_TO_32_BIT_CONVERSION = YES;
				GCC_WARN_ABOUT_RETURN_TYPE = YES_ERROR;
				GCC_WARN_UNDECLARED_SELECTOR = YES;
				GCC_WARN_UNINITIALIZED_AUTOS = YES_AGGRESSIVE;
				GCC_WARN_UNUSED_FUNCTION = YES;
				GCC_WARN_UNUSED_VARIABLE = YES;
				IPHONEOS_DEPLOYMENT_TARGET = 11.3;
				MTL_ENABLE_DEBUG_INFO = NO;
				SDKROOT = iphoneos;
				SWIFT_COMPILATION_MODE = wholemodule;
				SWIFT_OPTIMIZATION_LEVEL = "-O";
				VALIDATE_PRODUCT = YES;
			};
			name = Release;
		};
		6F54FE4B2077ED2A009D00BF /* Debug */ = {
			isa = XCBuildConfiguration;
			buildSettings = {
				ASSETCATALOG_COMPILER_APPICON_NAME = AppIcon;
				CODE_SIGN_STYLE = Automatic;
				DEVELOPMENT_TEAM = N6RP3H788Z;
				INFOPLIST_FILE = challengeApp1/Info.plist;
				LD_RUNPATH_SEARCH_PATHS = (
					"$(inherited)",
					"@executable_path/Frameworks",
				);
				PRODUCT_BUNDLE_IDENTIFIER = ca.bcit.comp4977.challengeApp1;
				PRODUCT_NAME = "$(TARGET_NAME)";
				SWIFT_VERSION = 4.0;
				TARGETED_DEVICE_FAMILY = "1,2";
			};
			name = Debug;
		};
		6F54FE4C2077ED2A009D00BF /* Release */ = {
			isa = XCBuildConfiguration;
			buildSettings = {
				ASSETCATALOG_COMPILER_APPICON_NAME = AppIcon;
				CODE_SIGN_STYLE = Automatic;
				DEVELOPMENT_TEAM = N6RP3H788Z;
				INFOPLIST_FILE = challengeApp1/Info.plist;
				LD_RUNPATH_SEARCH_PATHS = (
					"$(inherited)",
					"@executable_path/Frameworks",
				);
				PRODUCT_BUNDLE_IDENTIFIER = ca.bcit.comp4977.challengeApp1;
				PRODUCT_NAME = "$(TARGET_NAME)";
				SWIFT_VERSION = 4.0;
				TARGETED_DEVICE_FAMILY = "1,2";
			};
			name = Release;
		};
		6F54FE4E2077ED2A009D00BF /* Debug */ = {
			isa = XCBuildConfiguration;
			buildSettings = {
				ALWAYS_EMBED_SWIFT_STANDARD_LIBRARIES = YES;
				BUNDLE_LOADER = "$(TEST_HOST)";
				CODE_SIGN_STYLE = Automatic;
				DEVELOPMENT_TEAM = N6RP3H788Z;
				INFOPLIST_FILE = challengeApp1Tests/Info.plist;
				LD_RUNPATH_SEARCH_PATHS = (
					"$(inherited)",
					"@executable_path/Frameworks",
					"@loader_path/Frameworks",
				);
				PRODUCT_BUNDLE_IDENTIFIER = ca.bcit.comp4977.challengeApp1Tests;
				PRODUCT_NAME = "$(TARGET_NAME)";
				SWIFT_VERSION = 4.0;
				TARGETED_DEVICE_FAMILY = "1,2";
				TEST_HOST = "$(BUILT_PRODUCTS_DIR)/challengeApp1.app/challengeApp1";
			};
			name = Debug;
		};
		6F54FE4F2077ED2A009D00BF /* Release */ = {
			isa = XCBuildConfiguration;
			buildSettings = {
				ALWAYS_EMBED_SWIFT_STANDARD_LIBRARIES = YES;
				BUNDLE_LOADER = "$(TEST_HOST)";
				CODE_SIGN_STYLE = Automatic;
				DEVELOPMENT_TEAM = N6RP3H788Z;
				INFOPLIST_FILE = challengeApp1Tests/Info.plist;
				LD_RUNPATH_SEARCH_PATHS = (
					"$(inherited)",
					"@executable_path/Frameworks",
					"@loader_path/Frameworks",
				);
				PRODUCT_BUNDLE_IDENTIFIER = ca.bcit.comp4977.challengeApp1Tests;
				PRODUCT_NAME = "$(TARGET_NAME)";
				SWIFT_VERSION = 4.0;
				TARGETED_DEVICE_FAMILY = "1,2";
				TEST_HOST = "$(BUILT_PRODUCTS_DIR)/challengeApp1.app/challengeApp1";
			};
			name = Release;
		};
		6F54FE512077ED2A009D00BF /* Debug */ = {
			isa = XCBuildConfiguration;
			buildSettings = {
				ALWAYS_EMBED_SWIFT_STANDARD_LIBRARIES = YES;
				CODE_SIGN_STYLE = Automatic;
				DEVELOPMENT_TEAM = N6RP3H788Z;
				INFOPLIST_FILE = challengeApp1UITests/Info.plist;
				LD_RUNPATH_SEARCH_PATHS = (
					"$(inherited)",
					"@executable_path/Frameworks",
					"@loader_path/Frameworks",
				);
				PRODUCT_BUNDLE_IDENTIFIER = ca.bcit.comp4977.challengeApp1UITests;
				PRODUCT_NAME = "$(TARGET_NAME)";
				SWIFT_VERSION = 4.0;
				TARGETED_DEVICE_FAMILY = "1,2";
				TEST_TARGET_NAME = challengeApp1;
			};
			name = Debug;
		};
		6F54FE522077ED2A009D00BF /* Release */ = {
			isa = XCBuildConfiguration;
			buildSettings = {
				ALWAYS_EMBED_SWIFT_STANDARD_LIBRARIES = YES;
				CODE_SIGN_STYLE = Automatic;
				DEVELOPMENT_TEAM = N6RP3H788Z;
				INFOPLIST_FILE = challengeApp1UITests/Info.plist;
				LD_RUNPATH_SEARCH_PATHS = (
					"$(inherited)",
					"@executable_path/Frameworks",
					"@loader_path/Frameworks",
				);
				PRODUCT_BUNDLE_IDENTIFIER = ca.bcit.comp4977.challengeApp1UITests;
				PRODUCT_NAME = "$(TARGET_NAME)";
				SWIFT_VERSION = 4.0;
				TARGETED_DEVICE_FAMILY = "1,2";
				TEST_TARGET_NAME = challengeApp1;
			};
			name = Release;
		};
/* End XCBuildConfiguration section */

/* Begin XCConfigurationList section */
		6F54FE1D2077ED28009D00BF /* Build configuration list for PBXProject "challengeApp1" */ = {
			isa = XCConfigurationList;
			buildConfigurations = (
				6F54FE482077ED2A009D00BF /* Debug */,
				6F54FE492077ED2A009D00BF /* Release */,
			);
			defaultConfigurationIsVisible = 0;
			defaultConfigurationName = Release;
		};
		6F54FE4A2077ED2A009D00BF /* Build configuration list for PBXNativeTarget "challengeApp1" */ = {
			isa = XCConfigurationList;
			buildConfigurations = (
				6F54FE4B2077ED2A009D00BF /* Debug */,
				6F54FE4C2077ED2A009D00BF /* Release */,
			);
			defaultConfigurationIsVisible = 0;
			defaultConfigurationName = Release;
		};
		6F54FE4D2077ED2A009D00BF /* Build configuration list for PBXNativeTarget "challengeApp1Tests" */ = {
			isa = XCConfigurationList;
			buildConfigurations = (
				6F54FE4E2077ED2A009D00BF /* Debug */,
				6F54FE4F2077ED2A009D00BF /* Release */,
			);
			defaultConfigurationIsVisible = 0;
			defaultConfigurationName = Release;
		};
		6F54FE502077ED2A009D00BF /* Build configuration list for PBXNativeTarget "challengeApp1UITests" */ = {
			isa = XCConfigurationList;
			buildConfigurations = (
				6F54FE512077ED2A009D00BF /* Debug */,
				6F54FE522077ED2A009D00BF /* Release */,
			);
			defaultConfigurationIsVisible = 0;
			defaultConfigurationName = Release;
		};
/* End XCConfigurationList section */
	};
	rootObject = 6F54FE1A2077ED28009D00BF /* Project object */;
}
